
Microsoft Visual Studio Solution File, Format Version 12.00
# Visual Studio Version 17
VisualStudioVersion = 17.12.35707.178
MinimumVisualStudioVersion = 10.0.40219.1
Project("{FAE04EC0-301F-11D3-BF4B-00C04F79EFBC}") = "BoxBuildproj", "BoxBuildproj.csproj", "{5CCC37D2-66BF-4E3C-A344-4640D77B155E}"
EndProject
Global
	GlobalSection(SolutionConfigurationPlatforms) = preSolution
		Debug|Any CPU = Debug|Any CPU
		Release|Any CPU = Release|Any CPU
	EndGlobalSection
	GlobalSection(ProjectConfigurationPlatforms) = postSolution
		{5CCC37D2-66BF-4E3C-A344-4640D77B155E}.Debug|Any CPU.ActiveCfg = Debug|Any CPU
		{5CCC37D2-66BF-4E3C-A344-4640D77B155E}.Debug|Any CPU.Build.0 = Debug|Any CPU
		{5CCC37D2-66BF-4E3C-A344-4640D77B155E}.Release|Any CPU.ActiveCfg = Release|Any CPU
		{5CCC37D2-66BF-4E3C-A344-4640D77B155E}.Release|Any CPU.Build.0 = Release|Any CPU
	EndGlobalSection
	GlobalSection(SolutionProperties) = preSolution
		HideSolutionNode = FALSE
	EndGlobalSection
EndGlobal
